// !$*UTF8*$!
{
	archiveVersion = 1;
	classes = {
	};
	objectVersion = 46;
	objects = {

/* Begin PBXBuildFile section */
		04F1ADE21ECD3EEA0012F617 /* main.m in Sources */ = {isa = PBXBuildFile; fileRef = 04F1ADE11ECD3EEA0012F617 /* main.m */; };
		04F1ADE81ECD3EEA0012F617 /* ViewController.m in Sources */ = {isa = PBXBuildFile; fileRef = 04F1ADE71ECD3EEA0012F617 /* ViewController.m */; };
		04F1ADEB1ECD3EEA0012F617 /* Main.storyboard in Resources */ = {isa = PBXBuildFile; fileRef = 04F1ADE91ECD3EEA0012F617 /* Main.storyboard */; };
		04F1ADED1ECD3EEA0012F617 /* Assets.xcassets in Resources */ = {isa = PBXBuildFile; fileRef = 04F1ADEC1ECD3EEA0012F617 /* Assets.xcassets */; };
		04F1ADF01ECD3EEA0012F617 /* LaunchScreen.storyboard in Resources */ = {isa = PBXBuildFile; fileRef = 04F1ADEE1ECD3EEA0012F617 /* LaunchScreen.storyboard */; };
		04F1ADFB1ECD3EEA0012F617 /* TestEsayARTests.m in Sources */ = {isa = PBXBuildFile; fileRef = 04F1ADFA1ECD3EEA0012F617 /* TestEsayARTests.m */; };
		04F1AE061ECD3EEA0012F617 /* TestEsayARUITests.m in Sources */ = {isa = PBXBuildFile; fileRef = 04F1AE051ECD3EEA0012F617 /* TestEsayARUITests.m */; };
		04F1AE151ECD73810012F617 /* AVFoundation.framework in Frameworks */ = {isa = PBXBuildFile; fileRef = 04F1AE141ECD73810012F617 /* AVFoundation.framework */; };
		04F1AE171ECD73950012F617 /* CoreGraphics.framework in Frameworks */ = {isa = PBXBuildFile; fileRef = 04F1AE161ECD73950012F617 /* CoreGraphics.framework */; };
		04F1AE191ECD739F0012F617 /* CoreImage.framework in Frameworks */ = {isa = PBXBuildFile; fileRef = 04F1AE181ECD739F0012F617 /* CoreImage.framework */; };
		04F1AE1B1ECD73AC0012F617 /* CoreMedia.framework in Frameworks */ = {isa = PBXBuildFile; fileRef = 04F1AE1A1ECD73AC0012F617 /* CoreMedia.framework */; };
		04F1AE1D1ECD73B80012F617 /* CoreVideo.framework in Frameworks */ = {isa = PBXBuildFile; fileRef = 04F1AE1C1ECD73B80012F617 /* CoreVideo.framework */; };
		04F1AE1F1ECD73C40012F617 /* OpenGLES.framework in Frameworks */ = {isa = PBXBuildFile; fileRef = 04F1AE1E1ECD73C40012F617 /* OpenGLES.framework */; };
		04F1AE211ECD73D20012F617 /* QuartzCore.framework in Frameworks */ = {isa = PBXBuildFile; fileRef = 04F1AE201ECD73D20012F617 /* QuartzCore.framework */; };
		04F1AE231ECD73DD0012F617 /* UIKit.framework in Frameworks */ = {isa = PBXBuildFile; fileRef = 04F1AE221ECD73DD0012F617 /* UIKit.framework */; };
		04F1AE401ECD7D210012F617 /* ar.cc in Sources */ = {isa = PBXBuildFile; fileRef = 04F1AE3A1ECD7D210012F617 /* ar.cc */; };
		04F1AE411ECD7D210012F617 /* OpenGLView.mm in Sources */ = {isa = PBXBuildFile; fileRef = 04F1AE3D1ECD7D210012F617 /* OpenGLView.mm */; };
		04F1AE421ECD7D210012F617 /* renderer.cc in Sources */ = {isa = PBXBuildFile; fileRef = 04F1AE3E1ECD7D210012F617 /* renderer.cc */; };
		04F1AE451ECD7DE00012F617 /* AppDelegate.mm in Sources */ = {isa = PBXBuildFile; fileRef = 04F1AE441ECD7DE00012F617 /* AppDelegate.mm */; };
		04F1AE461ECD7FAB0012F617 /* easyar.framework in Frameworks */ = {isa = PBXBuildFile; fileRef = 04F1AE261ECD7B2C0012F617 /* easyar.framework */; };
		04F1AE671ECD87ED0012F617 /* idback.jpg in Resources */ = {isa = PBXBuildFile; fileRef = 04F1AE5E1ECD87ED0012F617 /* idback.jpg */; };
		04F1AE681ECD87ED0012F617 /* namecard.jpg in Resources */ = {isa = PBXBuildFile; fileRef = 04F1AE5F1ECD87ED0012F617 /* namecard.jpg */; };
		04F1AE6D1ECD87ED0012F617 /* targets.json in Resources */ = {isa = PBXBuildFile; fileRef = 04F1AE651ECD87ED0012F617 /* targets.json */; };
		04F1AE6E1ECD87ED0012F617 /* targets2.json in Resources */ = {isa = PBXBuildFile; fileRef = 04F1AE661ECD87ED0012F617 /* targets2.json */; };
		04F1AE701ECD88080012F617 /* sightplus in Resources */ = {isa = PBXBuildFile; fileRef = 04F1AE6F1ECD88080012F617 /* sightplus */; };
		04F1AE731ECDDAD60012F617 /* FirstViewController.m in Sources */ = {isa = PBXBuildFile; fileRef = 04F1AE721ECDDAD60012F617 /* FirstViewController.m */; };
		04F1AE761ECDDB490012F617 /* SaveImageTool.m in Sources */ = {isa = PBXBuildFile; fileRef = 04F1AE751ECDDB490012F617 /* SaveImageTool.m */; };
		04FFADF91ECEF85B00E38616 /* SceneKit.framework in Frameworks */ = {isa = PBXBuildFile; fileRef = 04FFADF81ECEF85B00E38616 /* SceneKit.framework */; };
		04FFAE071ECEF93600E38616 /* ARView.m in Sources */ = {isa = PBXBuildFile; fileRef = 04FFAE061ECEF93600E38616 /* ARView.m */; };
		04FFAE0D1ECEFF4300E38616 /* boss.dae in Resources */ = {isa = PBXBuildFile; fileRef = 04FFAE091ECEFF4300E38616 /* boss.dae */; };
		04FFAE0E1ECEFF4300E38616 /* boss_attack.dae in Resources */ = {isa = PBXBuildFile; fileRef = 04FFAE0A1ECEFF4300E38616 /* boss_attack.dae */; };
		04FFAE0F1ECEFF4300E38616 /* demon_01_512.png in Resources */ = {isa = PBXBuildFile; fileRef = 04FFAE0B1ECEFF4300E38616 /* demon_01_512.png */; };
		04FFAE101ECEFF4300E38616 /* demon_01_normal.png in Resources */ = {isa = PBXBuildFile; fileRef = 04FFAE0C1ECEFF4300E38616 /* demon_01_normal.png */; };
/* End PBXBuildFile section */

/* Begin PBXContainerItemProxy section */
		04F1ADF71ECD3EEA0012F617 /* PBXContainerItemProxy */ = {
			isa = PBXContainerItemProxy;
			containerPortal = 04F1ADD51ECD3EEA0012F617 /* Project object */;
			proxyType = 1;
			remoteGlobalIDString = 04F1ADDC1ECD3EEA0012F617;
			remoteInfo = TestEsayAR;
		};
		04F1AE021ECD3EEA0012F617 /* PBXContainerItemProxy */ = {
			isa = PBXContainerItemProxy;
			containerPortal = 04F1ADD51ECD3EEA0012F617 /* Project object */;
			proxyType = 1;
			remoteGlobalIDString = 04F1ADDC1ECD3EEA0012F617;
			remoteInfo = TestEsayAR;
		};
/* End PBXContainerItemProxy section */

/* Begin PBXFileReference section */
		04F1ADDD1ECD3EEA0012F617 /* TestEsayAR.app */ = {isa = PBXFileReference; explicitFileType = wrapper.application; includeInIndex = 0; path = TestEsayAR.app; sourceTree = BUILT_PRODUCTS_DIR; };
		04F1ADE11ECD3EEA0012F617 /* main.m */ = {isa = PBXFileReference; lastKnownFileType = sourcecode.c.objc; path = main.m; sourceTree = "<group>"; };
		04F1ADE61ECD3EEA0012F617 /* ViewController.h */ = {isa = PBXFileReference; lastKnownFileType = sourcecode.c.h; path = ViewController.h; sourceTree = "<group>"; };
		04F1ADE71ECD3EEA0012F617 /* ViewController.m */ = {isa = PBXFileReference; lastKnownFileType = sourcecode.c.objc; path = ViewController.m; sourceTree = "<group>"; };
		04F1ADEA1ECD3EEA0012F617 /* Base */ = {isa = PBXFileReference; lastKnownFileType = file.storyboard; name = Base; path = Base.lproj/Main.storyboard; sourceTree = "<group>"; };
		04F1ADEC1ECD3EEA0012F617 /* Assets.xcassets */ = {isa = PBXFileReference; lastKnownFileType = folder.assetcatalog; path = Assets.xcassets; sourceTree = "<group>"; };
		04F1ADEF1ECD3EEA0012F617 /* Base */ = {isa = PBXFileReference; lastKnownFileType = file.storyboard; name = Base; path = Base.lproj/LaunchScreen.storyboard; sourceTree = "<group>"; };
		04F1ADF11ECD3EEA0012F617 /* Info.plist */ = {isa = PBXFileReference; lastKnownFileType = text.plist.xml; path = Info.plist; sourceTree = "<group>"; };
		04F1ADF61ECD3EEA0012F617 /* TestEsayARTests.xctest */ = {isa = PBXFileReference; explicitFileType = wrapper.cfbundle; includeInIndex = 0; path = TestEsayARTests.xctest; sourceTree = BUILT_PRODUCTS_DIR; };
		04F1ADFA1ECD3EEA0012F617 /* TestEsayARTests.m */ = {isa = PBXFileReference; lastKnownFileType = sourcecode.c.objc; path = TestEsayARTests.m; sourceTree = "<group>"; };
		04F1ADFC1ECD3EEA0012F617 /* Info.plist */ = {isa = PBXFileReference; lastKnownFileType = text.plist.xml; path = Info.plist; sourceTree = "<group>"; };
		04F1AE011ECD3EEA0012F617 /* TestEsayARUITests.xctest */ = {isa = PBXFileReference; explicitFileType = wrapper.cfbundle; includeInIndex = 0; path = TestEsayARUITests.xctest; sourceTree = BUILT_PRODUCTS_DIR; };
		04F1AE051ECD3EEA0012F617 /* TestEsayARUITests.m */ = {isa = PBXFileReference; lastKnownFileType = sourcecode.c.objc; path = TestEsayARUITests.m; sourceTree = "<group>"; };
		04F1AE071ECD3EEA0012F617 /* Info.plist */ = {isa = PBXFileReference; lastKnownFileType = text.plist.xml; path = Info.plist; sourceTree = "<group>"; };
		04F1AE141ECD73810012F617 /* AVFoundation.framework */ = {isa = PBXFileReference; lastKnownFileType = wrapper.framework; name = AVFoundation.framework; path = System/Library/Frameworks/AVFoundation.framework; sourceTree = SDKROOT; };
		04F1AE161ECD73950012F617 /* CoreGraphics.framework */ = {isa = PBXFileReference; lastKnownFileType = wrapper.framework; name = CoreGraphics.framework; path = System/Library/Frameworks/CoreGraphics.framework; sourceTree = SDKROOT; };
		04F1AE181ECD739F0012F617 /* CoreImage.framework */ = {isa = PBXFileReference; lastKnownFileType = wrapper.framework; name = CoreImage.framework; path = System/Library/Frameworks/CoreImage.framework; sourceTree = SDKROOT; };
		04F1AE1A1ECD73AC0012F617 /* CoreMedia.framework */ = {isa = PBXFileReference; lastKnownFileType = wrapper.framework; name = CoreMedia.framework; path = System/Library/Frameworks/CoreMedia.framework; sourceTree = SDKROOT; };
		04F1AE1C1ECD73B80012F617 /* CoreVideo.framework */ = {isa = PBXFileReference; lastKnownFileType = wrapper.framework; name = CoreVideo.framework; path = System/Library/Frameworks/CoreVideo.framework; sourceTree = SDKROOT; };
		04F1AE1E1ECD73C40012F617 /* OpenGLES.framework */ = {isa = PBXFileReference; lastKnownFileType = wrapper.framework; name = OpenGLES.framework; path = System/Library/Frameworks/OpenGLES.framework; sourceTree = SDKROOT; };
		04F1AE201ECD73D20012F617 /* QuartzCore.framework */ = {isa = PBXFileReference; lastKnownFileType = wrapper.framework; name = QuartzCore.framework; path = System/Library/Frameworks/QuartzCore.framework; sourceTree = SDKROOT; };
		04F1AE221ECD73DD0012F617 /* UIKit.framework */ = {isa = PBXFileReference; lastKnownFileType = wrapper.framework; name = UIKit.framework; path = System/Library/Frameworks/UIKit.framework; sourceTree = SDKROOT; };
		04F1AE241ECD7B0E0012F617 /* easyar.framework */ = {isa = PBXFileReference; lastKnownFileType = wrapper.framework; name = easyar.framework; path = TestEsayAR/easyar.framework; sourceTree = "<group>"; };
		04F1AE261ECD7B2C0012F617 /* easyar.framework */ = {isa = PBXFileReference; lastKnownFileType = wrapper.framework; name = easyar.framework; path = TestEsayAR/easyar.framework; sourceTree = "<group>"; };
		04F1AE3A1ECD7D210012F617 /* ar.cc */ = {isa = PBXFileReference; fileEncoding = 4; lastKnownFileType = sourcecode.cpp.cpp; path = ar.cc; sourceTree = "<group>"; };
		04F1AE3B1ECD7D210012F617 /* ar.hpp */ = {isa = PBXFileReference; fileEncoding = 4; lastKnownFileType = sourcecode.cpp.h; path = ar.hpp; sourceTree = "<group>"; };
		04F1AE3C1ECD7D210012F617 /* OpenGLView.h */ = {isa = PBXFileReference; fileEncoding = 4; lastKnownFileType = sourcecode.c.h; path = OpenGLView.h; sourceTree = "<group>"; };
		04F1AE3D1ECD7D210012F617 /* OpenGLView.mm */ = {isa = PBXFileReference; fileEncoding = 4; lastKnownFileType = sourcecode.cpp.objcpp; path = OpenGLView.mm; sourceTree = "<group>"; };
		04F1AE3E1ECD7D210012F617 /* renderer.cc */ = {isa = PBXFileReference; fileEncoding = 4; lastKnownFileType = sourcecode.cpp.cpp; path = renderer.cc; sourceTree = "<group>"; };
		04F1AE3F1ECD7D210012F617 /* renderer.hpp */ = {isa = PBXFileReference; fileEncoding = 4; lastKnownFileType = sourcecode.cpp.h; path = renderer.hpp; sourceTree = "<group>"; };
		04F1AE431ECD7DE00012F617 /* AppDelegate.h */ = {isa = PBXFileReference; fileEncoding = 4; lastKnownFileType = sourcecode.c.h; path = AppDelegate.h; sourceTree = "<group>"; };
		04F1AE441ECD7DE00012F617 /* AppDelegate.mm */ = {isa = PBXFileReference; fileEncoding = 4; lastKnownFileType = sourcecode.cpp.objcpp; path = AppDelegate.mm; sourceTree = "<group>"; };
		04F1AE5E1ECD87ED0012F617 /* idback.jpg */ = {isa = PBXFileReference; lastKnownFileType = image.jpeg; path = idback.jpg; sourceTree = "<group>"; };
		04F1AE5F1ECD87ED0012F617 /* namecard.jpg */ = {isa = PBXFileReference; lastKnownFileType = image.jpeg; path = namecard.jpg; sourceTree = "<group>"; };
		04F1AE651ECD87ED0012F617 /* targets.json */ = {isa = PBXFileReference; fileEncoding = 4; lastKnownFileType = text.json; path = targets.json; sourceTree = "<group>"; };
		04F1AE661ECD87ED0012F617 /* targets2.json */ = {isa = PBXFileReference; fileEncoding = 4; lastKnownFileType = text.json; path = targets2.json; sourceTree = "<group>"; };
		04F1AE6F1ECD88080012F617 /* sightplus */ = {isa = PBXFileReference; lastKnownFileType = folder; path = sightplus; sourceTree = "<group>"; };
		04F1AE711ECDDAD60012F617 /* FirstViewController.h */ = {isa = PBXFileReference; fileEncoding = 4; lastKnownFileType = sourcecode.c.h; path = FirstViewController.h; sourceTree = "<group>"; };
		04F1AE721ECDDAD60012F617 /* FirstViewController.m */ = {isa = PBXFileReference; fileEncoding = 4; lastKnownFileType = sourcecode.c.objc; path = FirstViewController.m; sourceTree = "<group>"; };
		04F1AE741ECDDB490012F617 /* SaveImageTool.h */ = {isa = PBXFileReference; fileEncoding = 4; lastKnownFileType = sourcecode.c.h; path = SaveImageTool.h; sourceTree = "<group>"; };
		04F1AE751ECDDB490012F617 /* SaveImageTool.m */ = {isa = PBXFileReference; fileEncoding = 4; lastKnownFileType = sourcecode.c.objc; path = SaveImageTool.m; sourceTree = "<group>"; };
		04FFADF81ECEF85B00E38616 /* SceneKit.framework */ = {isa = PBXFileReference; lastKnownFileType = wrapper.framework; name = SceneKit.framework; path = System/Library/Frameworks/SceneKit.framework; sourceTree = SDKROOT; };
		04FFAE051ECEF93600E38616 /* ARView.h */ = {isa = PBXFileReference; fileEncoding = 4; lastKnownFileType = sourcecode.c.h; path = ARView.h; sourceTree = "<group>"; };
		04FFAE061ECEF93600E38616 /* ARView.m */ = {isa = PBXFileReference; fileEncoding = 4; lastKnownFileType = sourcecode.c.objc; path = ARView.m; sourceTree = "<group>"; };
		04FFAE091ECEFF4300E38616 /* boss.dae */ = {isa = PBXFileReference; fileEncoding = 4; lastKnownFileType = text.xml.dae; path = boss.dae; sourceTree = "<group>"; };
		04FFAE0A1ECEFF4300E38616 /* boss_attack.dae */ = {isa = PBXFileReference; fileEncoding = 4; lastKnownFileType = text.xml.dae; path = boss_attack.dae; sourceTree = "<group>"; };
		04FFAE0B1ECEFF4300E38616 /* demon_01_512.png */ = {isa = PBXFileReference; lastKnownFileType = image.png; path = demon_01_512.png; sourceTree = "<group>"; };
		04FFAE0C1ECEFF4300E38616 /* demon_01_normal.png */ = {isa = PBXFileReference; lastKnownFileType = image.png; path = demon_01_normal.png; sourceTree = "<group>"; };
/* End PBXFileReference section */

/* Begin PBXFrameworksBuildPhase section */
		04F1ADDA1ECD3EEA0012F617 /* Frameworks */ = {
			isa = PBXFrameworksBuildPhase;
			buildActionMask = 2147483647;
			files = (
				04FFADF91ECEF85B00E38616 /* SceneKit.framework in Frameworks */,
				04F1AE231ECD73DD0012F617 /* UIKit.framework in Frameworks */,
				04F1AE461ECD7FAB0012F617 /* easyar.framework in Frameworks */,
				04F1AE211ECD73D20012F617 /* QuartzCore.framework in Frameworks */,
				04F1AE1F1ECD73C40012F617 /* OpenGLES.framework in Frameworks */,
				04F1AE1D1ECD73B80012F617 /* CoreVideo.framework in Frameworks */,
				04F1AE1B1ECD73AC0012F617 /* CoreMedia.framework in Frameworks */,
				04F1AE191ECD739F0012F617 /* CoreImage.framework in Frameworks */,
				04F1AE171ECD73950012F617 /* CoreGraphics.framework in Frameworks */,
				04F1AE151ECD73810012F617 /* AVFoundation.framework in Frameworks */,
			);
			runOnlyForDeploymentPostprocessing = 0;
		};
		04F1ADF31ECD3EEA0012F617 /* Frameworks */ = {
			isa = PBXFrameworksBuildPhase;
			buildActionMask = 2147483647;
			files = (
			);
			runOnlyForDeploymentPostprocessing = 0;
		};
		04F1ADFE1ECD3EEA0012F617 /* Frameworks */ = {
			isa = PBXFrameworksBuildPhase;
			buildActionMask = 2147483647;
			files = (
			);
			runOnlyForDeploymentPostprocessing = 0;
		};
/* End PBXFrameworksBuildPhase section */

/* Begin PBXGroup section */
		04F1ADD41ECD3EEA0012F617 = {
			isa = PBXGroup;
			children = (
				04F1AE261ECD7B2C0012F617 /* easyar.framework */,
				04F1ADDF1ECD3EEA0012F617 /* TestEsayAR */,
				04F1ADF91ECD3EEA0012F617 /* TestEsayARTests */,
				04F1AE041ECD3EEA0012F617 /* TestEsayARUITests */,
				04F1ADDE1ECD3EEA0012F617 /* Products */,
				04F1AE131ECD73810012F617 /* Frameworks */,
			);
			sourceTree = "<group>";
		};
		04F1ADDE1ECD3EEA0012F617 /* Products */ = {
			isa = PBXGroup;
			children = (
				04F1ADDD1ECD3EEA0012F617 /* TestEsayAR.app */,
				04F1ADF61ECD3EEA0012F617 /* TestEsayARTests.xctest */,
				04F1AE011ECD3EEA0012F617 /* TestEsayARUITests.xctest */,
			);
			name = Products;
			sourceTree = "<group>";
		};
		04F1ADDF1ECD3EEA0012F617 /* TestEsayAR */ = {
			isa = PBXGroup;
			children = (
				04FFAE081ECEFF4300E38616 /* boss */,
				04F1AE5D1ECD87ED0012F617 /* assets */,
				04F1AE431ECD7DE00012F617 /* AppDelegate.h */,
				04F1AE441ECD7DE00012F617 /* AppDelegate.mm */,
				04F1AE3A1ECD7D210012F617 /* ar.cc */,
				04F1AE3B1ECD7D210012F617 /* ar.hpp */,
				04F1AE3C1ECD7D210012F617 /* OpenGLView.h */,
				04F1AE3D1ECD7D210012F617 /* OpenGLView.mm */,
				04F1AE3E1ECD7D210012F617 /* renderer.cc */,
				04F1AE3F1ECD7D210012F617 /* renderer.hpp */,
				04F1ADE61ECD3EEA0012F617 /* ViewController.h */,
				04F1ADE71ECD3EEA0012F617 /* ViewController.m */,
				04F1AE711ECDDAD60012F617 /* FirstViewController.h */,
				04F1AE721ECDDAD60012F617 /* FirstViewController.m */,
				04F1AE741ECDDB490012F617 /* SaveImageTool.h */,
				04F1AE751ECDDB490012F617 /* SaveImageTool.m */,
				04F1ADE91ECD3EEA0012F617 /* Main.storyboard */,
				04FFAE051ECEF93600E38616 /* ARView.h */,
				04FFAE061ECEF93600E38616 /* ARView.m */,
				04F1ADEC1ECD3EEA0012F617 /* Assets.xcassets */,
				04F1ADEE1ECD3EEA0012F617 /* LaunchScreen.storyboard */,
				04F1ADF11ECD3EEA0012F617 /* Info.plist */,
				04F1ADE01ECD3EEA0012F617 /* Supporting Files */,
			);
			path = TestEsayAR;
			sourceTree = "<group>";
		};
		04F1ADE01ECD3EEA0012F617 /* Supporting Files */ = {
			isa = PBXGroup;
			children = (
				04F1ADE11ECD3EEA0012F617 /* main.m */,
			);
			name = "Supporting Files";
			sourceTree = "<group>";
		};
		04F1ADF91ECD3EEA0012F617 /* TestEsayARTests */ = {
			isa = PBXGroup;
			children = (
				04F1ADFA1ECD3EEA0012F617 /* TestEsayARTests.m */,
				04F1ADFC1ECD3EEA0012F617 /* Info.plist */,
			);
			path = TestEsayARTests;
			sourceTree = "<group>";
		};
		04F1AE041ECD3EEA0012F617 /* TestEsayARUITests */ = {
			isa = PBXGroup;
			children = (
				04F1AE051ECD3EEA0012F617 /* TestEsayARUITests.m */,
				04F1AE071ECD3EEA0012F617 /* Info.plist */,
			);
			path = TestEsayARUITests;
			sourceTree = "<group>";
		};
		04F1AE131ECD73810012F617 /* Frameworks */ = {
			isa = PBXGroup;
			children = (
				04FFADF81ECEF85B00E38616 /* SceneKit.framework */,
				04F1AE241ECD7B0E0012F617 /* easyar.framework */,
				04F1AE221ECD73DD0012F617 /* UIKit.framework */,
				04F1AE201ECD73D20012F617 /* QuartzCore.framework */,
				04F1AE1E1ECD73C40012F617 /* OpenGLES.framework */,
				04F1AE1C1ECD73B80012F617 /* CoreVideo.framework */,
				04F1AE1A1ECD73AC0012F617 /* CoreMedia.framework */,
				04F1AE181ECD739F0012F617 /* CoreImage.framework */,
				04F1AE161ECD73950012F617 /* CoreGraphics.framework */,
				04F1AE141ECD73810012F617 /* AVFoundation.framework */,
			);
			name = Frameworks;
			sourceTree = "<group>";
		};
		04F1AE5D1ECD87ED0012F617 /* assets */ = {
			isa = PBXGroup;
			children = (
				04F1AE6F1ECD88080012F617 /* sightplus */,
				04F1AE5E1ECD87ED0012F617 /* idback.jpg */,
				04F1AE5F1ECD87ED0012F617 /* namecard.jpg */,
				04F1AE651ECD87ED0012F617 /* targets.json */,
				04F1AE661ECD87ED0012F617 /* targets2.json */,
			);
			path = assets;
			sourceTree = "<group>";
		};
		04FFAE081ECEFF4300E38616 /* boss */ = {
			isa = PBXGroup;
			children = (
				04FFAE091ECEFF4300E38616 /* boss.dae */,
				04FFAE0A1ECEFF4300E38616 /* boss_attack.dae */,
				04FFAE0B1ECEFF4300E38616 /* demon_01_512.png */,
				04FFAE0C1ECEFF4300E38616 /* demon_01_normal.png */,
			);
			path = boss;
			sourceTree = "<group>";
		};
/* End PBXGroup section */

/* Begin PBXNativeTarget section */
		04F1ADDC1ECD3EEA0012F617 /* TestEsayAR */ = {
			isa = PBXNativeTarget;
			buildConfigurationList = 04F1AE0A1ECD3EEA0012F617 /* Build configuration list for PBXNativeTarget "TestEsayAR" */;
			buildPhases = (
				04F1ADD91ECD3EEA0012F617 /* Sources */,
				04F1ADDA1ECD3EEA0012F617 /* Frameworks */,
				04F1ADDB1ECD3EEA0012F617 /* Resources */,
			);
			buildRules = (
			);
			dependencies = (
			);
			name = TestEsayAR;
			productName = TestEsayAR;
			productReference = 04F1ADDD1ECD3EEA0012F617 /* TestEsayAR.app */;
			productType = "com.apple.product-type.application";
		};
		04F1ADF51ECD3EEA0012F617 /* TestEsayARTests */ = {
			isa = PBXNativeTarget;
			buildConfigurationList = 04F1AE0D1ECD3EEA0012F617 /* Build configuration list for PBXNativeTarget "TestEsayARTests" */;
			buildPhases = (
				04F1ADF21ECD3EEA0012F617 /* Sources */,
				04F1ADF31ECD3EEA0012F617 /* Frameworks */,
				04F1ADF41ECD3EEA0012F617 /* Resources */,
			);
			buildRules = (
			);
			dependencies = (
				04F1ADF81ECD3EEA0012F617 /* PBXTargetDependency */,
			);
			name = TestEsayARTests;
			productName = TestEsayARTests;
			productReference = 04F1ADF61ECD3EEA0012F617 /* TestEsayARTests.xctest */;
			productType = "com.apple.product-type.bundle.unit-test";
		};
		04F1AE001ECD3EEA0012F617 /* TestEsayARUITests */ = {
			isa = PBXNativeTarget;
			buildConfigurationList = 04F1AE101ECD3EEA0012F617 /* Build configuration list for PBXNativeTarget "TestEsayARUITests" */;
			buildPhases = (
				04F1ADFD1ECD3EEA0012F617 /* Sources */,
				04F1ADFE1ECD3EEA0012F617 /* Frameworks */,
				04F1ADFF1ECD3EEA0012F617 /* Resources */,
			);
			buildRules = (
			);
			dependencies = (
				04F1AE031ECD3EEA0012F617 /* PBXTargetDependency */,
			);
			name = TestEsayARUITests;
			productName = TestEsayARUITests;
			productReference = 04F1AE011ECD3EEA0012F617 /* TestEsayARUITests.xctest */;
			productType = "com.apple.product-type.bundle.ui-testing";
		};
/* End PBXNativeTarget section */

/* Begin PBXProject section */
		04F1ADD51ECD3EEA0012F617 /* Project object */ = {
			isa = PBXProject;
			attributes = {
				LastUpgradeCheck = 0830;
				ORGANIZATIONNAME = shuaigedong;
				TargetAttributes = {
					04F1ADDC1ECD3EEA0012F617 = {
						CreatedOnToolsVersion = 8.3.1;
						DevelopmentTeam = KADG696RJQ;
						ProvisioningStyle = Automatic;
					};
					04F1ADF51ECD3EEA0012F617 = {
						CreatedOnToolsVersion = 8.3.1;
						ProvisioningStyle = Automatic;
						TestTargetID = 04F1ADDC1ECD3EEA0012F617;
					};
					04F1AE001ECD3EEA0012F617 = {
						CreatedOnToolsVersion = 8.3.1;
						ProvisioningStyle = Automatic;
						TestTargetID = 04F1ADDC1ECD3EEA0012F617;
					};
				};
			};
			buildConfigurationList = 04F1ADD81ECD3EEA0012F617 /* Build configuration list for PBXProject "TestEsayAR" */;
			compatibilityVersion = "Xcode 3.2";
			developmentRegion = English;
			hasScannedForEncodings = 0;
			knownRegions = (
				en,
				Base,
			);
			mainGroup = 04F1ADD41ECD3EEA0012F617;
			productRefGroup = 04F1ADDE1ECD3EEA0012F617 /* Products */;
			projectDirPath = "";
			projectRoot = "";
			targets = (
				04F1ADDC1ECD3EEA0012F617 /* TestEsayAR */,
				04F1ADF51ECD3EEA0012F617 /* TestEsayARTests */,
				04F1AE001ECD3EEA0012F617 /* TestEsayARUITests */,
			);
		};
/* End PBXProject section */

/* Begin PBXResourcesBuildPhase section */
		04F1ADDB1ECD3EEA0012F617 /* Resources */ = {
			isa = PBXResourcesBuildPhase;
			buildActionMask = 2147483647;
			files = (
				04F1AE6D1ECD87ED0012F617 /* targets.json in Resources */,
				04F1AE6E1ECD87ED0012F617 /* targets2.json in Resources */,
				04F1ADF01ECD3EEA0012F617 /* LaunchScreen.storyboard in Resources */,
				04F1ADED1ECD3EEA0012F617 /* Assets.xcassets in Resources */,
				04F1AE701ECD88080012F617 /* sightplus in Resources */,
				04FFAE0F1ECEFF4300E38616 /* demon_01_512.png in Resources */,
				04F1ADEB1ECD3EEA0012F617 /* Main.storyboard in Resources */,
				04F1AE681ECD87ED0012F617 /* namecard.jpg in Resources */,
				04F1AE671ECD87ED0012F617 /* idback.jpg in Resources */,
				04FFAE0E1ECEFF4300E38616 /* boss_attack.dae in Resources */,
				04FFAE101ECEFF4300E38616 /* demon_01_normal.png in Resources */,
				04FFAE0D1ECEFF4300E38616 /* boss.dae in Resources */,
			);
			runOnlyForDeploymentPostprocessing = 0;
		};
		04F1ADF41ECD3EEA0012F617 /* Resources */ = {
			isa = PBXResourcesBuildPhase;
			buildActionMask = 2147483647;
			files = (
			);
			runOnlyForDeploymentPostprocessing = 0;
		};
		04F1ADFF1ECD3EEA0012F617 /* Resources */ = {
			isa = PBXResourcesBuildPhase;
			buildActionMask = 2147483647;
			files = (
			);
			runOnlyForDeploymentPostprocessing = 0;
		};
/* End PBXResourcesBuildPhase section */

/* Begin PBXSourcesBuildPhase section */
		04F1ADD91ECD3EEA0012F617 /* Sources */ = {
			isa = PBXSourcesBuildPhase;
			buildActionMask = 2147483647;
			files = (
				04F1AE401ECD7D210012F617 /* ar.cc in Sources */,
				04F1ADE81ECD3EEA0012F617 /* ViewController.m in Sources */,
				04FFAE071ECEF93600E38616 /* ARView.m in Sources */,
				04F1AE761ECDDB490012F617 /* SaveImageTool.m in Sources */,
				04F1AE731ECDDAD60012F617 /* FirstViewController.m in Sources */,
				04F1AE421ECD7D210012F617 /* renderer.cc in Sources */,
				04F1AE411ECD7D210012F617 /* OpenGLView.mm in Sources */,
				04F1AE451ECD7DE00012F617 /* AppDelegate.mm in Sources */,
				04F1ADE21ECD3EEA0012F617 /* main.m in Sources */,
			);
			runOnlyForDeploymentPostprocessing = 0;
		};
		04F1ADF21ECD3EEA0012F617 /* Sources */ = {
			isa = PBXSourcesBuildPhase;
			buildActionMask = 2147483647;
			files = (
				04F1ADFB1ECD3EEA0012F617 /* TestEsayARTests.m in Sources */,
			);
			runOnlyForDeploymentPostprocessing = 0;
		};
		04F1ADFD1ECD3EEA0012F617 /* Sources */ = {
			isa = PBXSourcesBuildPhase;
			buildActionMask = 2147483647;
			files = (
				04F1AE061ECD3EEA0012F617 /* TestEsayARUITests.m in Sources */,
			);
			runOnlyForDeploymentPostprocessing = 0;
		};
/* End PBXSourcesBuildPhase section */

/* Begin PBXTargetDependency section */
		04F1ADF81ECD3EEA0012F617 /* PBXTargetDependency */ = {
			isa = PBXTargetDependency;
			target = 04F1ADDC1ECD3EEA0012F617 /* TestEsayAR */;
			targetProxy = 04F1ADF71ECD3EEA0012F617 /* PBXContainerItemProxy */;
		};
		04F1AE031ECD3EEA0012F617 /* PBXTargetDependency */ = {
			isa = PBXTargetDependency;
			target = 04F1ADDC1ECD3EEA0012F617 /* TestEsayAR */;
			targetProxy = 04F1AE021ECD3EEA0012F617 /* PBXContainerItemProxy */;
		};
/* End PBXTargetDependency section */

/* Begin PBXVariantGroup section */
		04F1ADE91ECD3EEA0012F617 /* Main.storyboard */ = {
			isa = PBXVariantGroup;
			children = (
				04F1ADEA1ECD3EEA0012F617 /* Base */,
			);
			name = Main.storyboard;
			sourceTree = "<group>";
		};
		04F1ADEE1ECD3EEA0012F617 /* LaunchScreen.storyboard */ = {
			isa = PBXVariantGroup;
			children = (
				04F1ADEF1ECD3EEA0012F617 /* Base */,
			);
			name = LaunchScreen.storyboard;
			sourceTree = "<group>";
		};
/* End PBXVariantGroup section */

/* Begin XCBuildConfiguration section */
		04F1AE081ECD3EEA0012F617 /* Debug */ = {
			isa = XCBuildConfiguration;
			buildSettings = {
				ALWAYS_SEARCH_USER_PATHS = NO;
				CLANG_ANALYZER_NONNULL = YES;
				CLANG_ANALYZER_NUMBER_OBJECT_CONVERSION = YES_AGGRESSIVE;
				CLANG_CXX_LANGUAGE_STANDARD = "gnu++0x";
				CLANG_CXX_LIBRARY = "libc++";
				CLANG_ENABLE_MODULES = YES;
				CLANG_ENABLE_OBJC_ARC = YES;
				CLANG_WARN_BOOL_CONVERSION = YES;
				CLANG_WARN_CONSTANT_CONVERSION = YES;
				CLANG_WARN_DIRECT_OBJC_ISA_USAGE = YES_ERROR;
				CLANG_WARN_DOCUMENTATION_COMMENTS = YES;
				CLANG_WARN_EMPTY_BODY = YES;
				CLANG_WARN_ENUM_CONVERSION = YES;
				CLANG_WARN_INFINITE_RECURSION = YES;
				CLANG_WARN_INT_CONVERSION = YES;
				CLANG_WARN_OBJC_ROOT_CLASS = YES_ERROR;
				CLANG_WARN_SUSPICIOUS_MOVE = YES;
				CLANG_WARN_UNREACHABLE_CODE = YES;
				CLANG_WARN__DUPLICATE_METHOD_MATCH = YES;
				"CODE_SIGN_IDENTITY[sdk=iphoneos*]" = "iPhone Developer";
				COPY_PHASE_STRIP = NO;
				DEBUG_INFORMATION_FORMAT = dwarf;
				ENABLE_STRICT_OBJC_MSGSEND = YES;
				ENABLE_TESTABILITY = YES;
				GCC_C_LANGUAGE_STANDARD = gnu99;
				GCC_DYNAMIC_NO_PIC = NO;
				GCC_NO_COMMON_BLOCKS = YES;
				GCC_OPTIMIZATION_LEVEL = 0;
				GCC_PREPROCESSOR_DEFINITIONS = (
					"DEBUG=1",
					"$(inherited)",
				);
				GCC_WARN_64_TO_32_BIT_CONVERSION = YES;
				GCC_WARN_ABOUT_RETURN_TYPE = YES_ERROR;
				GCC_WARN_UNDECLARED_SELECTOR = YES;
				GCC_WARN_UNINITIALIZED_AUTOS = YES_AGGRESSIVE;
				GCC_WARN_UNUSED_FUNCTION = YES;
				GCC_WARN_UNUSED_VARIABLE = YES;
				IPHONEOS_DEPLOYMENT_TARGET = 10.3;
				MTL_ENABLE_DEBUG_INFO = YES;
				ONLY_ACTIVE_ARCH = YES;
				SDKROOT = iphoneos;
			};
			name = Debug;
		};
		04F1AE091ECD3EEA0012F617 /* Release */ = {
			isa = XCBuildConfiguration;
			buildSettings = {
				ALWAYS_SEARCH_USER_PATHS = NO;
				CLANG_ANALYZER_NONNULL = YES;
				CLANG_ANALYZER_NUMBER_OBJECT_CONVERSION = YES_AGGRESSIVE;
				CLANG_CXX_LANGUAGE_STANDARD = "gnu++0x";
				CLANG_CXX_LIBRARY = "libc++";
				CLANG_ENABLE_MODULES = YES;
				CLANG_ENABLE_OBJC_ARC = YES;
				CLANG_WARN_BOOL_CONVERSION = YES;
				CLANG_WARN_CONSTANT_CONVERSION = YES;
				CLANG_WARN_DIRECT_OBJC_ISA_USAGE = YES_ERROR;
				CLANG_WARN_DOCUMENTATION_COMMENTS = YES;
				CLANG_WARN_EMPTY_BODY = YES;
				CLANG_WARN_ENUM_CONVERSION = YES;
				CLANG_WARN_INFINITE_RECURSION = YES;
				CLANG_WARN_INT_CONVERSION = YES;
				CLANG_WARN_OBJC_ROOT_CLASS = YES_ERROR;
				CLANG_WARN_SUSPICIOUS_MOVE = YES;
				CLANG_WARN_UNREACHABLE_CODE = YES;
				CLANG_WARN__DUPLICATE_METHOD_MATCH = YES;
				"CODE_SIGN_IDENTITY[sdk=iphoneos*]" = "iPhone Developer";
				COPY_PHASE_STRIP = NO;
				DEBUG_INFORMATION_FORMAT = "dwarf-with-dsym";
				ENABLE_NS_ASSERTIONS = NO;
				ENABLE_STRICT_OBJC_MSGSEND = YES;
				GCC_C_LANGUAGE_STANDARD = gnu99;
				GCC_NO_COMMON_BLOCKS = YES;
				GCC_WARN_64_TO_32_BIT_CONVERSION = YES;
				GCC_WARN_ABOUT_RETURN_TYPE = YES_ERROR;
				GCC_WARN_UNDECLARED_SELECTOR = YES;
				GCC_WARN_UNINITIALIZED_AUTOS = YES_AGGRESSIVE;
				GCC_WARN_UNUSED_FUNCTION = YES;
				GCC_WARN_UNUSED_VARIABLE = YES;
				IPHONEOS_DEPLOYMENT_TARGET = 10.3;
				MTL_ENABLE_DEBUG_INFO = NO;
				SDKROOT = iphoneos;
				VALIDATE_PRODUCT = YES;
			};
			name = Release;
		};
		04F1AE0B1ECD3EEA0012F617 /* Debug */ = {
			isa = XCBuildConfiguration;
			buildSettings = {
				ASSETCATALOG_COMPILER_APPICON_NAME = AppIcon;
				DEVELOPMENT_TEAM = KADG696RJQ;
				ENABLE_BITCODE = NO;
				FRAMEWORK_SEARCH_PATHS = (
					"$(inherited)",
					"$(PROJECT_DIR)/TestEsayAR",
					"$(SRCROOT)/TestEsayAR/easyar.framework",
				);
				INFOPLIST_FILE = TestEsayAR/Info.plist;
				LD_RUNPATH_SEARCH_PATHS = "$(inherited) @executable_path/Frameworks";
				PRODUCT_BUNDLE_IDENTIFIER = cn.easyar.samples.helloar232;
				PRODUCT_NAME = "$(TARGET_NAME)";
			};
			name = Debug;
		};
		04F1AE0C1ECD3EEA0012F617 /* Release */ = {
			isa = XCBuildConfiguration;
			buildSettings = {
				ASSETCATALOG_COMPILER_APPICON_NAME = AppIcon;
				DEVELOPMENT_TEAM = KADG696RJQ;
				ENABLE_BITCODE = NO;
				FRAMEWORK_SEARCH_PATHS = (
					"$(inherited)",
					"$(PROJECT_DIR)/TestEsayAR",
					"$(SRCROOT)/TestEsayAR/easyar.framework",
				);
				INFOPLIST_FILE = TestEsayAR/Info.plist;
				LD_RUNPATH_SEARCH_PATHS = "$(inherited) @executable_path/Frameworks";
				PRODUCT_BUNDLE_IDENTIFIER = cn.easyar.samples.helloar232;
				PRODUCT_NAME = "$(TARGET_NAME)";
			};
			name = Release;
		};
		04F1AE0E1ECD3EEA0012F617 /* Debug */ = {
			isa = XCBuildConfiguration;
			buildSettings = {
				BUNDLE_LOADER = "$(TEST_HOST)";
				INFOPLIST_FILE = TestEsayARTests/Info.plist;
				LD_RUNPATH_SEARCH_PATHS = "$(inherited) @executable_path/Frameworks @loader_path/Frameworks";
				PRODUCT_BUNDLE_IDENTIFIER = com.zhendong.sg.TestEsayARTests;
				PRODUCT_NAME = "$(TARGET_NAME)";
				TEST_HOST = "$(BUILT_PRODUCTS_DIR)/TestEsayAR.app/TestEsayAR";
			};
			name = Debug;
		};
		04F1AE0F1ECD3EEA0012F617 /* Release */ = {
			isa = XCBuildConfiguration;
			buildSettings = {
				BUNDLE_LOADER = "$(TEST_HOST)";
				INFOPLIST_FILE = TestEsayARTests/Info.plist;
				LD_RUNPATH_SEARCH_PATHS = "$(inherited) @executable_path/Frameworks @loader_path/Frameworks";
				PRODUCT_BUNDLE_IDENTIFIER = com.zhendong.sg.TestEsayARTests;
				PRODUCT_NAME = "$(TARGET_NAME)";
				TEST_HOST = "$(BUILT_PRODUCTS_DIR)/TestEsayAR.app/TestEsayAR";
			};
			name = Release;
		};
		04F1AE111ECD3EEA0012F617 /* Debug */ = {
			isa = XCBuildConfiguration;
			buildSettings = {
				INFOPLIST_FILE = TestEsayARUITests/Info.plist;
				LD_RUNPATH_SEARCH_PATHS = "$(inherited) @executable_path/Frameworks @loader_path/Frameworks";
				PRODUCT_BUNDLE_IDENTIFIER = com.zhendong.sg.TestEsayARUITests;
				PRODUCT_NAME = "$(TARGET_NAME)";
				TEST_TARGET_NAME = TestEsayAR;
			};
			name = Debug;
		};
		04F1AE121ECD3EEA0012F617 /* Release */ = {
			isa = XCBuildConfiguration;
			buildSettings = {
				INFOPLIST_FILE = TestEsayARUITests/Info.plist;
				LD_RUNPATH_SEARCH_PATHS = "$(inherited) @executable_path/Frameworks @loader_path/Frameworks";
				PRODUCT_BUNDLE_IDENTIFIER = com.zhendong.sg.TestEsayARUITests;
				PRODUCT_NAME = "$(TARGET_NAME)";
				TEST_TARGET_NAME = TestEsayAR;
			};
			name = Release;
		};
/* End XCBuildConfiguration section */

/* Begin XCConfigurationList section */
		04F1ADD81ECD3EEA0012F617 /* Build configuration list for PBXProject "TestEsayAR" */ = {
			isa = XCConfigurationList;
			buildConfigurations = (
				04F1AE081ECD3EEA0012F617 /* Debug */,
				04F1AE091ECD3EEA0012F617 /* Release */,
			);
			defaultConfigurationIsVisible = 0;
			defaultConfigurationName = Release;
		};
		04F1AE0A1ECD3EEA0012F617 /* Build configuration list for PBXNativeTarget "TestEsayAR" */ = {
			isa = XCConfigurationList;
			buildConfigurations = (
				04F1AE0B1ECD3EEA0012F617 /* Debug */,
				04F1AE0C1ECD3EEA0012F617 /* Release */,
			);
			defaultConfigurationIsVisible = 0;
			defaultConfigurationName = Release;
		};
		04F1AE0D1ECD3EEA0012F617 /* Build configuration list for PBXNativeTarget "TestEsayARTests" */ = {
			isa = XCConfigurationList;
			buildConfigurations = (
				04F1AE0E1ECD3EEA0012F617 /* Debug */,
				04F1AE0F1ECD3EEA0012F617 /* Release */,
			);
			defaultConfigurationIsVisible = 0;
			defaultConfigurationName = Release;
		};
		04F1AE101ECD3EEA0012F617 /* Build configuration list for PBXNativeTarget "TestEsayARUITests" */ = {
			isa = XCConfigurationList;
			buildConfigurations = (
				04F1AE111ECD3EEA0012F617 /* Debug */,
				04F1AE121ECD3EEA0012F617 /* Release */,
			);
			defaultConfigurationIsVisible = 0;
			defaultConfigurationName = Release;
		};
/* End XCConfigurationList section */
	};
	rootObject = 04F1ADD51ECD3EEA0012F617 /* Project object */;
}
